
Microsoft Visual Studio Solution File, Format Version 12.00
# Visual Studio Version 16
VisualStudioVersion = 16.0.29503.13
MinimumVisualStudioVersion = 10.0.40219.1
Project("{FAE04EC0-301F-11D3-BF4B-00C04F79EFBC}") = "tut1", "tut1\tut1.csproj", "{F82A822A-828F-4D03-A8C5-42DA0EAC73C4}"
EndProject
Global
	GlobalSection(SolutionConfigurationPlatforms) = preSolution
		Debug|Any CPU = Debug|Any CPU
		Release|Any CPU = Release|Any CPU
	EndGlobalSection
	GlobalSection(ProjectConfigurationPlatforms) = postSolution
		{F82A822A-828F-4D03-A8C5-42DA0EAC73C4}.Debug|Any CPU.ActiveCfg = Debug|Any CPU
		{F82A822A-828F-4D03-A8C5-42DA0EAC73C4}.Debug|Any CPU.Build.0 = Debug|Any CPU
		{F82A822A-828F-4D03-A8C5-42DA0EAC73C4}.Release|Any CPU.ActiveCfg = Release|Any CPU
		{F82A822A-828F-4D03-A8C5-42DA0EAC73C4}.Release|Any CPU.Build.0 = Release|Any CPU
	EndGlobalSection
	GlobalSection(SolutionProperties) = preSolution
		HideSolutionNode = FALSE
	EndGlobalSection
	GlobalSection(ExtensibilityGlobals) = postSolution
		SolutionGuid = {12399479-E331-4D97-8271-0482DB00ABC9}
	EndGlobalSection
EndGlobal
